
Microsoft Visual Studio Solution File, Format Version 12.00
# Visual Studio Version 17
VisualStudioVersion = 17.4.33213.308
MinimumVisualStudioVersion = 10.0.40219.1
Project("{FAE04EC0-301F-11D3-BF4B-00C04F79EFBC}") = "RomanNumberCalculator", "RomanNumberCalculator\RomanNumberCalculator.csproj", "{2E725EC9-71B5-4590-9E4E-F9674D9D7510}"
EndProject
Global
	GlobalSection(SolutionConfigurationPlatforms) = preSolution
		Debug|Any CPU = Debug|Any CPU
		Release|Any CPU = Release|Any CPU
	EndGlobalSection
	GlobalSection(ProjectConfigurationPlatforms) = postSolution
		{2E725EC9-71B5-4590-9E4E-F9674D9D7510}.Debug|Any CPU.ActiveCfg = Debug|Any CPU
		{2E725EC9-71B5-4590-9E4E-F9674D9D7510}.Debug|Any CPU.Build.0 = Debug|Any CPU
		{2E725EC9-71B5-4590-9E4E-F9674D9D7510}.Release|Any CPU.ActiveCfg = Release|Any CPU
		{2E725EC9-71B5-4590-9E4E-F9674D9D7510}.Release|Any CPU.Build.0 = Release|Any CPU
	EndGlobalSection
	GlobalSection(SolutionProperties) = preSolution
		HideSolutionNode = FALSE
	EndGlobalSection
	GlobalSection(ExtensibilityGlobals) = postSolution
		SolutionGuid = {C73BAAE6-97BB-4BC5-91FA-0374EC3584CD}
	EndGlobalSection
EndGlobal
